// !$*UTF8*$!
{
	archiveVersion = 1;
	classes = {
	};
	objectVersion = 50;
	objects = {

/* Begin PBXBuildFile section */
		40695F1921BAF228005B9AA0 /* AppDelegate.swift in Sources */ = {isa = PBXBuildFile; fileRef = 40695F1821BAF228005B9AA0 /* AppDelegate.swift */; };
		40695F1B21BAF228005B9AA0 /* ViewController.swift in Sources */ = {isa = PBXBuildFile; fileRef = 40695F1A21BAF228005B9AA0 /* ViewController.swift */; };
		40695F1E21BAF228005B9AA0 /* Main.storyboard in Resources */ = {isa = PBXBuildFile; fileRef = 40695F1C21BAF228005B9AA0 /* Main.storyboard */; };
		40695F2021BAF22A005B9AA0 /* Assets.xcassets in Resources */ = {isa = PBXBuildFile; fileRef = 40695F1F21BAF22A005B9AA0 /* Assets.xcassets */; };
		40695F2321BAF22A005B9AA0 /* LaunchScreen.storyboard in Resources */ = {isa = PBXBuildFile; fileRef = 40695F2121BAF22A005B9AA0 /* LaunchScreen.storyboard */; };
		40695F2C21BB010C005B9AA0 /* nfcReader.swift in Sources */ = {isa = PBXBuildFile; fileRef = 40695F2B21BB010C005B9AA0 /* nfcReader.swift */; };
/* End PBXBuildFile section */

/* Begin PBXFileReference section */
		40695F1521BAF228005B9AA0 /* nfcWrite.app */ = {isa = PBXFileReference; explicitFileType = wrapper.application; includeInIndex = 0; path = nfcWrite.app; sourceTree = BUILT_PRODUCTS_DIR; };
		40695F1821BAF228005B9AA0 /* AppDelegate.swift */ = {isa = PBXFileReference; lastKnownFileType = sourcecode.swift; path = AppDelegate.swift; sourceTree = "<group>"; };
		40695F1A21BAF228005B9AA0 /* ViewController.swift */ = {isa = PBXFileReference; lastKnownFileType = sourcecode.swift; path = ViewController.swift; sourceTree = "<group>"; };
		40695F1D21BAF228005B9AA0 /* Base */ = {isa = PBXFileReference; lastKnownFileType = file.storyboard; name = Base; path = Base.lproj/Main.storyboard; sourceTree = "<group>"; };
		40695F1F21BAF22A005B9AA0 /* Assets.xcassets */ = {isa = PBXFileReference; lastKnownFileType = folder.assetcatalog; path = Assets.xcassets; sourceTree = "<group>"; };
		40695F2221BAF22A005B9AA0 /* Base */ = {isa = PBXFileReference; lastKnownFileType = file.storyboard; name = Base; path = Base.lproj/LaunchScreen.storyboard; sourceTree = "<group>"; };
		40695F2421BAF22A005B9AA0 /* Info.plist */ = {isa = PBXFileReference; lastKnownFileType = text.plist.xml; path = Info.plist; sourceTree = "<group>"; };
		40695F2A21BAF94C005B9AA0 /* nfcWrite.entitlements */ = {isa = PBXFileReference; lastKnownFileType = text.plist.entitlements; path = nfcWrite.entitlements; sourceTree = "<group>"; };
		40695F2B21BB010C005B9AA0 /* nfcReader.swift */ = {isa = PBXFileReference; lastKnownFileType = sourcecode.swift; path = nfcReader.swift; sourceTree = "<group>"; };
/* End PBXFileReference section */

/* Begin PBXFrameworksBuildPhase section */
		40695F1221BAF228005B9AA0 /* Frameworks */ = {
			isa = PBXFrameworksBuildPhase;
			buildActionMask = 2147483647;
			files = (
			);
			runOnlyForDeploymentPostprocessing = 0;
		};
/* End PBXFrameworksBuildPhase section */

/* Begin PBXGroup section */
		40695F0C21BAF228005B9AA0 = {
			isa = PBXGroup;
			children = (
				40695F1721BAF228005B9AA0 /* nfcWrite */,
				40695F1621BAF228005B9AA0 /* Products */,
			);
			sourceTree = "<group>";
		};
		40695F1621BAF228005B9AA0 /* Products */ = {
			isa = PBXGroup;
			children = (
				40695F1521BAF228005B9AA0 /* nfcWrite.app */,
			);
			name = Products;
			sourceTree = "<group>";
		};
		40695F1721BAF228005B9AA0 /* nfcWrite */ = {
			isa = PBXGroup;
			children = (
				40695F2A21BAF94C005B9AA0 /* nfcWrite.entitlements */,
				40695F1821BAF228005B9AA0 /* AppDelegate.swift */,
				40695F1A21BAF228005B9AA0 /* ViewController.swift */,
				40695F1C21BAF228005B9AA0 /* Main.storyboard */,
				40695F1F21BAF22A005B9AA0 /* Assets.xcassets */,
				40695F2121BAF22A005B9AA0 /* LaunchScreen.storyboard */,
				40695F2421BAF22A005B9AA0 /* Info.plist */,
				40695F2B21BB010C005B9AA0 /* nfcReader.swift */,
			);
			path = nfcWrite;
			sourceTree = "<group>";
		};
/* End PBXGroup section */

/* Begin PBXNativeTarget section */
		40695F1421BAF228005B9AA0 /* nfcWrite */ = {
			isa = PBXNativeTarget;
			buildConfigurationList = 40695F2721BAF22A005B9AA0 /* Build configuration list for PBXNativeTarget "nfcWrite" */;
			buildPhases = (
				40695F1121BAF228005B9AA0 /* Sources */,
				40695F1221BAF228005B9AA0 /* Frameworks */,
				40695F1321BAF228005B9AA0 /* Resources */,
			);
			buildRules = (
			);
			dependencies = (
			);
			name = nfcWrite;
			productName = nfcWrite;
			productReference = 40695F1521BAF228005B9AA0 /* nfcWrite.app */;
			productType = "com.apple.product-type.application";
		};
/* End PBXNativeTarget section */

/* Begin PBXProject section */
		40695F0D21BAF228005B9AA0 /* Project object */ = {
			isa = PBXProject;
			attributes = {
				LastSwiftUpdateCheck = 1010;
				LastUpgradeCheck = 1010;
				ORGANIZATIONNAME = "Dion Boles";
				TargetAttributes = {
					40695F1421BAF228005B9AA0 = {
						CreatedOnToolsVersion = 10.1;
						LastSwiftMigration = 1010;
						SystemCapabilities = {
							com.apple.NearFieldCommunicationTagReading = {
								enabled = 1;
							};
						};
					};
				};
			};
			buildConfigurationList = 40695F1021BAF228005B9AA0 /* Build configuration list for PBXProject "nfcWrite" */;
			compatibilityVersion = "Xcode 9.3";
			developmentRegion = en;
			hasScannedForEncodings = 0;
			knownRegions = (
				en,
				Base,
			);
			mainGroup = 40695F0C21BAF228005B9AA0;
			productRefGroup = 40695F1621BAF228005B9AA0 /* Products */;
			projectDirPath = "";
			projectRoot = "";
			targets = (
				40695F1421BAF228005B9AA0 /* nfcWrite */,
			);
		};
/* End PBXProject section */

/* Begin PBXResourcesBuildPhase section */
		40695F1321BAF228005B9AA0 /* Resources */ = {
			isa = PBXResourcesBuildPhase;
			buildActionMask = 2147483647;
			files = (
				40695F2321BAF22A005B9AA0 /* LaunchScreen.storyboard in Resources */,
				40695F2021BAF22A005B9AA0 /* Assets.xcassets in Resources */,
				40695F1E21BAF228005B9AA0 /* Main.storyboard in Resources */,
			);
			runOnlyForDeploymentPostprocessing = 0;
		};
/* End PBXResourcesBuildPhase section */

/* Begin PBXSourcesBuildPhase section */
		40695F1121BAF228005B9AA0 /* Sources */ = {
			isa = PBXSourcesBuildPhase;
			buildActionMask = 2147483647;
			files = (
				40695F2C21BB010C005B9AA0 /* nfcReader.swift in Sources */,
				40695F1B21BAF228005B9AA0 /* ViewController.swift in Sources */,
				40695F1921BAF228005B9AA0 /* AppDelegate.swift in Sources */,
			);
			runOnlyForDeploymentPostprocessing = 0;
		};
/* End PBXSourcesBuildPhase section */

/* Begin PBXVariantGroup section */
		40695F1C21BAF228005B9AA0 /* Main.storyboard */ = {
			isa = PBXVariantGroup;
			children = (
				40695F1D21BAF228005B9AA0 /* Base */,
			);
			name = Main.storyboard;
			sourceTree = "<group>";
		};
		40695F2121BAF22A005B9AA0 /* LaunchScreen.storyboard */ = {
			isa = PBXVariantGroup;
			children = (
				40695F2221BAF22A005B9AA0 /* Base */,
			);
			name = LaunchScreen.storyboard;
			sourceTree = "<group>";
		};
/* End PBXVariantGroup section */

/* Begin XCBuildConfiguration section */
		40695F2521BAF22A005B9AA0 /* Debug */ = {
			isa = XCBuildConfiguration;
			buildSettings = {
				ALWAYS_SEARCH_USER_PATHS = NO;
				CLANG_ANALYZER_NONNULL = YES;
				CLANG_ANALYZER_NUMBER_OBJECT_CONVERSION = YES_AGGRESSIVE;
				CLANG_CXX_LANGUAGE_STANDARD = "gnu++14";
				CLANG_CXX_LIBRARY = "libc++";
				CLANG_ENABLE_MODULES = YES;
				CLANG_ENABLE_OBJC_ARC = YES;
				CLANG_ENABLE_OBJC_WEAK = YES;
				CLANG_WARN_BLOCK_CAPTURE_AUTORELEASING = YES;
				CLANG_WARN_BOOL_CONVERSION = YES;
				CLANG_WARN_COMMA = YES;
				CLANG_WARN_CONSTANT_CONVERSION = YES;
				CLANG_WARN_DEPRECATED_OBJC_IMPLEMENTATIONS = YES;
				CLANG_WARN_DIRECT_OBJC_ISA_USAGE = YES_ERROR;
				CLANG_WARN_DOCUMENTATION_COMMENTS = YES;
				CLANG_WARN_EMPTY_BODY = YES;
				CLANG_WARN_ENUM_CONVERSION = YES;
				CLANG_WARN_INFINITE_RECURSION = YES;
				CLANG_WARN_INT_CONVERSION = YES;
				CLANG_WARN_NON_LITERAL_NULL_CONVERSION = YES;
				CLANG_WARN_OBJC_IMPLICIT_RETAIN_SELF = YES;
				CLANG_WARN_OBJC_LITERAL_CONVERSION = YES;
				CLANG_WARN_OBJC_ROOT_CLASS = YES_ERROR;
				CLANG_WARN_RANGE_LOOP_ANALYSIS = YES;
				CLANG_WARN_STRICT_PROTOTYPES = YES;
				CLANG_WARN_SUSPICIOUS_MOVE = YES;
				CLANG_WARN_UNGUARDED_AVAILABILITY = YES_AGGRESSIVE;
				CLANG_WARN_UNREACHABLE_CODE = YES;
				CLANG_WARN__DUPLICATE_METHOD_MATCH = YES;
				CODE_SIGN_IDENTITY = "iPhone Developer";
				COPY_PHASE_STRIP = NO;
				DEBUG_INFORMATION_FORMAT = dwarf;
				ENABLE_STRICT_OBJC_MSGSEND = YES;
				ENABLE_TESTABILITY = YES;
				GCC_C_LANGUAGE_STANDARD = gnu11;
				GCC_DYNAMIC_NO_PIC = NO;
				GCC_NO_COMMON_BLOCKS = YES;
				GCC_OPTIMIZATION_LEVEL = 0;
				GCC_PREPROCESSOR_DEFINITIONS = (
					"DEBUG=1",
					"$(inherited)",
				);
				GCC_WARN_64_TO_32_BIT_CONVERSION = YES;
				GCC_WARN_ABOUT_RETURN_TYPE = YES_ERROR;
				GCC_WARN_UNDECLARED_SELECTOR = YES;
				GCC_WARN_UNINITIALIZED_AUTOS = YES_AGGRESSIVE;
				GCC_WARN_UNUSED_FUNCTION = YES;
				GCC_WARN_UNUSED_VARIABLE = YES;
				IPHONEOS_DEPLOYMENT_TARGET = 12.1;
				MTL_ENABLE_DEBUG_INFO = INCLUDE_SOURCE;
				MTL_FAST_MATH = YES;
				ONLY_ACTIVE_ARCH = YES;
				SDKROOT = iphoneos;
				SWIFT_ACTIVE_COMPILATION_CONDITIONS = DEBUG;
				SWIFT_OPTIMIZATION_LEVEL = "-Onone";
			};
			name = Debug;
		};
		40695F2621BAF22A005B9AA0 /* Release */ = {
			isa = XCBuildConfiguration;
			buildSettings = {
				ALWAYS_SEARCH_USER_PATHS = NO;
				CLANG_ANALYZER_NONNULL = YES;
				CLANG_ANALYZER_NUMBER_OBJECT_CONVERSION = YES_AGGRESSIVE;
				CLANG_CXX_LANGUAGE_STANDARD = "gnu++14";
				CLANG_CXX_LIBRARY = "libc++";
				CLANG_ENABLE_MODULES = YES;
				CLANG_ENABLE_OBJC_ARC = YES;
				CLANG_ENABLE_OBJC_WEAK = YES;
				CLANG_WARN_BLOCK_CAPTURE_AUTORELEASING = YES;
				CLANG_WARN_BOOL_CONVERSION = YES;
				CLANG_WARN_COMMA = YES;
				CLANG_WARN_CONSTANT_CONVERSION = YES;
				CLANG_WARN_DEPRECATED_OBJC_IMPLEMENTATIONS = YES;
				CLANG_WARN_DIRECT_OBJC_ISA_USAGE = YES_ERROR;
				CLANG_WARN_DOCUMENTATION_COMMENTS = YES;
				CLANG_WARN_EMPTY_BODY = YES;
				CLANG_WARN_ENUM_CONVERSION = YES;
				CLANG_WARN_INFINITE_RECURSION = YES;
				CLANG_WARN_INT_CONVERSION = YES;
				CLANG_WARN_NON_LITERAL_NULL_CONVERSION = YES;
				CLANG_WARN_OBJC_IMPLICIT_RETAIN_SELF = YES;
				CLANG_WARN_OBJC_LITERAL_CONVERSION = YES;
				CLANG_WARN_OBJC_ROOT_CLASS = YES_ERROR;
				CLANG_WARN_RANGE_LOOP_ANALYSIS = YES;
				CLANG_WARN_STRICT_PROTOTYPES = YES;
				CLANG_WARN_SUSPICIOUS_MOVE = YES;
				CLANG_WARN_UNGUARDED_AVAILABILITY = YES_AGGRESSIVE;
				CLANG_WARN_UNREACHABLE_CODE = YES;
				CLANG_WARN__DUPLICATE_METHOD_MATCH = YES;
				CODE_SIGN_IDENTITY = "iPhone Developer";
				COPY_PHASE_STRIP = NO;
				DEBUG_INFORMATION_FORMAT = "dwarf-with-dsym";
				ENABLE_NS_ASSERTIONS = NO;
				ENABLE_STRICT_OBJC_MSGSEND = YES;
				GCC_C_LANGUAGE_STANDARD = gnu11;
				GCC_NO_COMMON_BLOCKS = YES;
				GCC_WARN_64_TO_32_BIT_CONVERSION = YES;
				GCC_WARN_ABOUT_RETURN_TYPE = YES_ERROR;
				GCC_WARN_UNDECLARED_SELECTOR = YES;
				GCC_WARN_UNINITIALIZED_AUTOS = YES_AGGRESSIVE;
				GCC_WARN_UNUSED_FUNCTION = YES;
				GCC_WARN_UNUSED_VARIABLE = YES;
				IPHONEOS_DEPLOYMENT_TARGET = 12.1;
				MTL_ENABLE_DEBUG_INFO = NO;
				MTL_FAST_MATH = YES;
				SDKROOT = iphoneos;
				SWIFT_COMPILATION_MODE = wholemodule;
				SWIFT_OPTIMIZATION_LEVEL = "-O";
				VALIDATE_PRODUCT = YES;
			};
			name = Release;
		};
		40695F2821BAF22A005B9AA0 /* Debug */ = {
			isa = XCBuildConfiguration;
			buildSettings = {
				ASSETCATALOG_COMPILER_APPICON_NAME = AppIcon;
				CLANG_ENABLE_MODULES = YES;
				CODE_SIGN_ENTITLEMENTS = nfcWrite/nfcWrite.entitlements;
				CODE_SIGN_STYLE = Automatic;
				DEVELOPMENT_TEAM = WPDGX34294;
				INFOPLIST_FILE = nfcWrite/Info.plist;
				LD_RUNPATH_SEARCH_PATHS = (
					"$(inherited)",
					"@executable_path/Frameworks",
				);
				PRODUCT_BUNDLE_IDENTIFIER = com.dion.boles.me.nfcWrite;
				PRODUCT_NAME = "$(TARGET_NAME)";
				SWIFT_OBJC_BRIDGING_HEADER = "";
				SWIFT_OPTIMIZATION_LEVEL = "-Onone";
				SWIFT_VERSION = 4.2;
				TARGETED_DEVICE_FAMILY = "1,2";
			};
			name = Debug;
		};
		40695F2921BAF22A005B9AA0 /* Release */ = {
			isa = XCBuildConfiguration;
			buildSettings = {
				ASSETCATALOG_COMPILER_APPICON_NAME = AppIcon;
				CLANG_ENABLE_MODULES = YES;
				CODE_SIGN_ENTITLEMENTS = nfcWrite/nfcWrite.entitlements;
				CODE_SIGN_STYLE = Automatic;
				DEVELOPMENT_TEAM = WPDGX34294;
				INFOPLIST_FILE = nfcWrite/Info.plist;
				LD_RUNPATH_SEARCH_PATHS = (
					"$(inherited)",
					"@executable_path/Frameworks",
				);
				PRODUCT_BUNDLE_IDENTIFIER = com.dion.boles.me.nfcWrite;
				PRODUCT_NAME = "$(TARGET_NAME)";
				SWIFT_OBJC_BRIDGING_HEADER = "";
				SWIFT_VERSION = 4.2;
				TARGETED_DEVICE_FAMILY = "1,2";
			};
			name = Release;
		};
/* End XCBuildConfiguration section */

/* Begin XCConfigurationList section */
		40695F1021BAF228005B9AA0 /* Build configuration list for PBXProject "nfcWrite" */ = {
			isa = XCConfigurationList;
			buildConfigurations = (
				40695F2521BAF22A005B9AA0 /* Debug */,
				40695F2621BAF22A005B9AA0 /* Release */,
			);
			defaultConfigurationIsVisible = 0;
			defaultConfigurationName = Release;
		};
		40695F2721BAF22A005B9AA0 /* Build configuration list for PBXNativeTarget "nfcWrite" */ = {
			isa = XCConfigurationList;
			buildConfigurations = (
				40695F2821BAF22A005B9AA0 /* Debug */,
				40695F2921BAF22A005B9AA0 /* Release */,
			);
			defaultConfigurationIsVisible = 0;
			defaultConfigurationName = Release;
		};
/* End XCConfigurationList section */
	};
	rootObject = 40695F0D21BAF228005B9AA0 /* Project object */;
}
